{
  "version": 4,
  "terraform_version": "1.8.4",
  "serial": 40,
  "lineage": "943acdee-df4b-8b02-da67-c2bcd64a70dc",
  "outputs": {},
  "resources": [
    {
      "mode": "managed",
      "type": "docker_image",
      "name": "ubuntu",
      "provider": "provider[\"registry.terraform.io/kreuzwerker/docker\"]",
      "instances": [
        {
          "schema_version": 0,
          "attributes": {
            "build": [],
            "force_remove": null,
            "id": "sha256:28bc33afd4c9a541270cdae3de1f78190908ffb34081e40e636fb7fec32434e3ubuntu:latest",
            "image_id": "sha256:28bc33afd4c9a541270cdae3de1f78190908ffb34081e40e636fb7fec32434e3",
            "keep_locally": null,
            "name": "ubuntu:latest",
            "platform": null,
            "pull_triggers": null,
            "repo_digest": "ubuntu@sha256:e3f92abc0967a6c19d0dfa2d55838833e947b9d74edbcb0113e48535ad4be12a",
            "triggers": null
          },
          "sensitive_attributes": [],
          "private": "bnVsbA=="
        }
      ]
    }
  ],
  "check_results": null
}
